
Microsoft Visual Studio Solution File, Format Version 12.00
# Visual Studio Version 17
VisualStudioVersion = 17.7.34221.43
MinimumVisualStudioVersion = 10.0.40219.1
Project("{9A19103F-16F7-4668-BE54-9A1E7A4F7556}") = "EmmetNetSharp", "EmmetNetSharp\EmmetNetSharp.csproj", "{65F6A5A5-195A-4448-9F80-2E78E44C4476}"
EndProject
Project("{FAE04EC0-301F-11D3-BF4B-00C04F79EFBC}") = "EmmetNetSharp.Tests", "EmmetNetSharp.Tests\EmmetNetSharp.Tests.csproj", "{523EC528-3A69-4C72-B030-CF0B2E90084F}"
EndProject
Global
	GlobalSection(SolutionConfigurationPlatforms) = preSolution
		Debug|Any CPU = Debug|Any CPU
		Release|Any CPU = Release|Any CPU
	EndGlobalSection
	GlobalSection(ProjectConfigurationPlatforms) = postSolution
		{65F6A5A5-195A-4448-9F80-2E78E44C4476}.Debug|Any CPU.ActiveCfg = Debug|Any CPU
		{65F6A5A5-195A-4448-9F80-2E78E44C4476}.Debug|Any CPU.Build.0 = Debug|Any CPU
		{65F6A5A5-195A-4448-9F80-2E78E44C4476}.Release|Any CPU.ActiveCfg = Release|Any CPU
		{65F6A5A5-195A-4448-9F80-2E78E44C4476}.Release|Any CPU.Build.0 = Release|Any CPU
		{523EC528-3A69-4C72-B030-CF0B2E90084F}.Debug|Any CPU.ActiveCfg = Debug|Any CPU
		{523EC528-3A69-4C72-B030-CF0B2E90084F}.Debug|Any CPU.Build.0 = Debug|Any CPU
		{523EC528-3A69-4C72-B030-CF0B2E90084F}.Release|Any CPU.ActiveCfg = Release|Any CPU
		{523EC528-3A69-4C72-B030-CF0B2E90084F}.Release|Any CPU.Build.0 = Release|Any CPU
	EndGlobalSection
	GlobalSection(SolutionProperties) = preSolution
		HideSolutionNode = FALSE
	EndGlobalSection
	GlobalSection(ExtensibilityGlobals) = postSolution
		SolutionGuid = {E30D7D67-B221-42AB-AB4E-12DACFE2F332}
	EndGlobalSection
EndGlobal
